# This file is autogenerated, do not edit; changes may be undone by the next 'dep ensure'.


[[projects]]
  name = "github.com/BurntSushi/toml"
  packages = ["."]
  revision = "b26d9c308763d68093482582cea63d69be07a0f0"
  version = "v0.3.0"

[[projects]]
  name = "github.com/Microsoft/go-winio"
  packages = ["."]
  revision = "78439966b38d69bf38227fbf57ac8a6fee70f69a"
  version = "v0.4.5"

[[projects]]
  name = "github.com/OwnLocal/goes"
  packages = ["."]
  revision = "6c9647b81cbf8daf85a01b1c15a7cc23de351c27"
  version = "v1.0.0"

[[projects]]
  name = "github.com/codegangsta/cli"
  packages = ["."]
  revision = "cfb38830724cc34fedffe9a2a29fb54fa9169cd1"
  version = "v1.20.0"

[[projects]]
  name = "github.com/deckarep/golang-set"
  packages = ["."]
  revision = "1d4478f51bed434f1dadf96dcd9b43aabac66795"
  version = "v1.7"

[[projects]]
  name = "github.com/docker/distribution"
  packages = ["digest","reference"]
  revision = "48294d928ced5dd9b378f7fd7c6f5da3ff3f2c89"
  version = "v2.6.2"

[[projects]]
  name = "github.com/docker/docker"
  packages = ["api/types","api/types/blkiodev","api/types/container","api/types/events","api/types/filters","api/types/mount","api/types/network","api/types/reference","api/types/registry","api/types/strslice","api/types/swarm","api/types/time","api/types/versions","api/types/volume","client","pkg/tlsconfig"]
  revision = "092cba3727bb9b4a2f0e922cd6c0f93ea270e363"
  version = "v1.13.1"

[[projects]]
  name = "github.com/docker/go-connections"
  packages = ["nat","sockets","tlsconfig"]
  revision = "3ede32e2033de7505e6500d6c868c2b9ed9f169d"
  version = "v0.3.0"

[[projects]]
  name = "github.com/docker/go-units"
  packages = ["."]
  revision = "0dadbb0345b35ec7ef35e228dabb8de89a65bf52"
  version = "v0.3.2"

[[projects]]
  name = "github.com/elastic/beats"
  packages = ["libbeat/common","libbeat/common/file","libbeat/logp","libbeat/monitoring","libbeat/paths"]
  revision = "9dd91482ca414229a68d5cacbd7a381c37ca0ba1"
  version = "v5.6.4"

[[projects]]
  name = "github.com/elastic/go-ucfg"
  packages = [".","cfgutil","flag","internal/parse","json","yaml"]
  revision = "ec8488a52542c0c51e42e8ea204dcaff400bc644"
  version = "v0.4.6"

[[projects]]
  name = "github.com/fsouza/go-dockerclient"
  packages = [".","external/github.com/Sirupsen/logrus","external/github.com/docker/docker/opts","external/github.com/docker/docker/pkg/archive","external/github.com/docker/docker/pkg/fileutils","external/github.com/docker/docker/pkg/homedir","external/github.com/docker/docker/pkg/idtools","external/github.com/docker/docker/pkg/ioutils","external/github.com/docker/docker/pkg/longpath","external/github.com/docker/docker/pkg/pools","external/github.com/docker/docker/pkg/promise","external/github.com/docker/docker/pkg/stdcopy","external/github.com/docker/docker/pkg/system","external/github.com/docker/go-units","external/github.com/hashicorp/go-cleanhttp","external/github.com/opencontainers/runc/libcontainer/user","external/golang.org/x/net/context","external/golang.org/x/sys/unix"]
  revision = "1d4f4ae73768d3ca16a6fb964694f58dc5eba601"
  version = "docker-1.9/go-1.4"

[[projects]]
  name = "github.com/ghodss/yaml"
  packages = ["."]
  revision = "0ca9ea5df5451ffdf184b4428c902747c2c11cd7"
  version = "v1.0.0"

[[projects]]
  name = "github.com/go-ini/ini"
  packages = ["."]
  revision = "f280b3ba517bf5fc98922624f21fb0e7a92adaec"
  version = "v1.30.3"

[[projects]]
  name = "github.com/grafov/bcast"
  packages = ["."]
  revision = "9ea08eda04b7e789e4d5fd79af998f605145cbb1"
  version = "v2.0"

[[projects]]
  name = "github.com/influxdata/influxdb"
  packages = ["client/v2","models","pkg/escape"]
  revision = "2d474a3089bcfce6b472779be9470a1f0ef3d5e4"
  version = "v1.3.7"

[[projects]]
  branch = "master"
  name = "github.com/nranchev/go-libGeoIP"
  packages = ["."]
  revision = "d6d4a9a4c7e8d750064c10550bbd4f9aae50d48e"

[[projects]]
  name = "github.com/pkg/errors"
  packages = ["."]
  revision = "645ef00459ed84a119197bfb8d8205042c6df63d"
  version = "v0.8.0"

[[projects]]
  name = "github.com/qframe/cache-inventory"
  packages = ["."]
  revision = "e08736822791741e949a03ac5514b54079bc510d"
  version = "v0.3.3"

[[projects]]
  name = "github.com/qframe/collector-docker-events"
  packages = ["."]
  revision = "2fe0c644d6aec76fed298da66999f23e2357e006"
  version = "v0.3.1"

[[projects]]
  name = "github.com/qframe/collector-docker-logs"
  packages = ["."]
  revision = "62a2816d7f5417ecc90415d4b0cd99fbce3f4d0b"
  version = "v0.4.2"

[[projects]]
  name = "github.com/qframe/collector-internal"
  packages = ["."]
  revision = "47184c54b0190098d038fcebd8f9cc0f733e4bb9"
  version = "v0.1.3"

[[projects]]
  name = "github.com/qframe/filter-grok"
  packages = ["."]
  revision = "edd7ef7c42b8fab55be90396d58e48ca8fd9f428"
  version = "v0.1.14"

[[projects]]
  name = "github.com/qframe/handler-elasticsearch"
  packages = ["."]
  revision = "2141c2a35e6064a9356e53d5634b016fe4df1db1"
  version = "v0.1.14"

[[projects]]
  name = "github.com/qframe/handler-influxdb"
  packages = ["."]
  revision = "5d925df2a7a6cd4a69ba0686f106079c3399d25a"
  version = "v0.2.1"

[[projects]]
  name = "github.com/qframe/types"
  packages = ["constants","docker-events","health","helper","messages","plugin","qchannel","syslog","ticker"]
  revision = "93b850d81761750eefaaeb817c0b22858e33d458"
  version = "v0.1.9"

[[projects]]
  name = "github.com/qnib/qframe-types"
  packages = ["."]
  revision = "8f55e9b42bcdb795ccc60045f6930f341e790a70"
  version = "v0.5.12"

[[projects]]
  name = "github.com/qnib/qframe-utils"
  packages = ["."]
  revision = "e63cbba7dd91ddc656d6f1a24e25a62ad8454620"
  version = "v0.1.0"

[[projects]]
  name = "github.com/satori/go.uuid"
  packages = ["."]
  revision = "879c5887cd475cd7864858769793b2ceb0d44feb"
  version = "v1.1.0"

[[projects]]
  name = "github.com/vjeantet/grok"
  packages = ["."]
  revision = "ce01e59abcf6fbc9833b7deb5e4b8ee1769bcc53"
  version = "v1.0.0"

[[projects]]
  branch = "master"
  name = "github.com/zpatrick/go-config"
  packages = ["."]
  revision = "710646a45582fde23bf77bacbc2f38008dc7ffc2"

[[projects]]
  branch = "master"
  name = "golang.org/x/net"
  packages = ["context","context/ctxhttp","proxy"]
  revision = "a337091b0525af65de94df2eb7e98bd9962dcbe2"

[[projects]]
  branch = "master"
  name = "golang.org/x/sys"
  packages = ["windows"]
  revision = "4b45465282a4624cf39876842a017334f13b8aff"

[[projects]]
  branch = "v2"
  name = "gopkg.in/yaml.v2"
  packages = ["."]
  revision = "eb3733d160e74a9c7e442f435eb3bea458e1d19f"

[solve-meta]
  analyzer-name = "dep"
  analyzer-version = 1
  inputs-digest = "604a4e6a29ffbc61e338683489b9a3b8560e72ad432a447105ccb1e83a1145a7"
  solver-name = "gps-cdcl"
  solver-version = 1
